
Microsoft Visual Studio Solution File, Format Version 12.00
# Visual Studio Version 16
VisualStudioVersion = 16.0.31729.503
MinimumVisualStudioVersion = 10.0.40219.1
Project("{FAE04EC0-301F-11D3-BF4B-00C04F79EFBC}") = "NikolaGit", "NikolaGit\NikolaGit.csproj", "{765FC534-D565-44A2-8C52-BF4C4BD7CFBD}"
EndProject
Global
	GlobalSection(SolutionConfigurationPlatforms) = preSolution
		Debug|Any CPU = Debug|Any CPU
		Release|Any CPU = Release|Any CPU
	EndGlobalSection
	GlobalSection(ProjectConfigurationPlatforms) = postSolution
		{765FC534-D565-44A2-8C52-BF4C4BD7CFBD}.Debug|Any CPU.ActiveCfg = Debug|Any CPU
		{765FC534-D565-44A2-8C52-BF4C4BD7CFBD}.Debug|Any CPU.Build.0 = Debug|Any CPU
		{765FC534-D565-44A2-8C52-BF4C4BD7CFBD}.Release|Any CPU.ActiveCfg = Release|Any CPU
		{765FC534-D565-44A2-8C52-BF4C4BD7CFBD}.Release|Any CPU.Build.0 = Release|Any CPU
	EndGlobalSection
	GlobalSection(SolutionProperties) = preSolution
		HideSolutionNode = FALSE
	EndGlobalSection
	GlobalSection(ExtensibilityGlobals) = postSolution
		SolutionGuid = {E8269047-BBD7-44FD-B719-18DA20DE1CCF}
	EndGlobalSection
EndGlobal
